
Microsoft Visual Studio Solution File, Format Version 12.00
# Visual Studio Version 16
VisualStudioVersion = 16.0.33130.400
MinimumVisualStudioVersion = 10.0.40219.1
Project("{888888A0-9F3D-457C-B088-3A5042F75D52}") = "fusionate_ai_beta", "fusionate_ai_beta.pyproj", "{07D5C2E8-802F-4FC2-8267-B8F997BC5299}"
EndProject
Global
	GlobalSection(SolutionConfigurationPlatforms) = preSolution
		Debug|Any CPU = Debug|Any CPU
		Release|Any CPU = Release|Any CPU
	EndGlobalSection
	GlobalSection(ProjectConfigurationPlatforms) = postSolution
		{07D5C2E8-802F-4FC2-8267-B8F997BC5299}.Debug|Any CPU.ActiveCfg = Debug|Any CPU
		{07D5C2E8-802F-4FC2-8267-B8F997BC5299}.Debug|Any CPU.Build.0 = Debug|Any CPU
		{07D5C2E8-802F-4FC2-8267-B8F997BC5299}.Release|Any CPU.ActiveCfg = Release|Any CPU
		{07D5C2E8-802F-4FC2-8267-B8F997BC5299}.Release|Any CPU.Build.0 = Release|Any CPU
	EndGlobalSection
	GlobalSection(SolutionProperties) = preSolution
		HideSolutionNode = FALSE
	EndGlobalSection
	GlobalSection(ExtensibilityGlobals) = postSolution
		SolutionGuid = {BB4BAEDF-4320-4FF3-AFAA-C934A3F0B496}
	EndGlobalSection
EndGlobal
